
Microsoft Visual Studio Solution File, Format Version 12.00
# Visual Studio Version 17
VisualStudioVersion = 17.14.36408.4
MinimumVisualStudioVersion = 10.0.40219.1
Project("{FAE04EC0-301F-11D3-BF4B-00C04F79EFBC}") = "Presentacion", "SistemaReservaCitas\Presentacion.csproj", "{A071D5B5-7C03-4AC2-9688-E4C0F96672E5}"
EndProject
Project("{FAE04EC0-301F-11D3-BF4B-00C04F79EFBC}") = "Aplicacion", "Aplicacion\Aplicacion.csproj", "{7109E08D-14ED-4503-934B-9622BCBECD83}"
EndProject
Project("{FAE04EC0-301F-11D3-BF4B-00C04F79EFBC}") = "Dominio", "Dominio\Dominio.csproj", "{C2D3D0F2-1A1A-43A0-B199-63A9ADD5DE63}"
EndProject
Project("{FAE04EC0-301F-11D3-BF4B-00C04F79EFBC}") = "Infraestructura", "Infraestructura\Infraestructura.csproj", "{5CE9BF6F-FC8C-4065-9924-56DB4530533D}"
EndProject
Global
	GlobalSection(SolutionConfigurationPlatforms) = preSolution
		Debug|Any CPU = Debug|Any CPU
		Release|Any CPU = Release|Any CPU
	EndGlobalSection
	GlobalSection(ProjectConfigurationPlatforms) = postSolution
		{A071D5B5-7C03-4AC2-9688-E4C0F96672E5}.Debug|Any CPU.ActiveCfg = Debug|Any CPU
		{A071D5B5-7C03-4AC2-9688-E4C0F96672E5}.Debug|Any CPU.Build.0 = Debug|Any CPU
		{A071D5B5-7C03-4AC2-9688-E4C0F96672E5}.Release|Any CPU.ActiveCfg = Release|Any CPU
		{A071D5B5-7C03-4AC2-9688-E4C0F96672E5}.Release|Any CPU.Build.0 = Release|Any CPU
		{7109E08D-14ED-4503-934B-9622BCBECD83}.Debug|Any CPU.ActiveCfg = Debug|Any CPU
		{7109E08D-14ED-4503-934B-9622BCBECD83}.Debug|Any CPU.Build.0 = Debug|Any CPU
		{7109E08D-14ED-4503-934B-9622BCBECD83}.Release|Any CPU.ActiveCfg = Release|Any CPU
		{7109E08D-14ED-4503-934B-9622BCBECD83}.Release|Any CPU.Build.0 = Release|Any CPU
		{C2D3D0F2-1A1A-43A0-B199-63A9ADD5DE63}.Debug|Any CPU.ActiveCfg = Debug|Any CPU
		{C2D3D0F2-1A1A-43A0-B199-63A9ADD5DE63}.Debug|Any CPU.Build.0 = Debug|Any CPU
		{C2D3D0F2-1A1A-43A0-B199-63A9ADD5DE63}.Release|Any CPU.ActiveCfg = Release|Any CPU
		{C2D3D0F2-1A1A-43A0-B199-63A9ADD5DE63}.Release|Any CPU.Build.0 = Release|Any CPU
		{5CE9BF6F-FC8C-4065-9924-56DB4530533D}.Debug|Any CPU.ActiveCfg = Debug|Any CPU
		{5CE9BF6F-FC8C-4065-9924-56DB4530533D}.Debug|Any CPU.Build.0 = Debug|Any CPU
		{5CE9BF6F-FC8C-4065-9924-56DB4530533D}.Release|Any CPU.ActiveCfg = Release|Any CPU
		{5CE9BF6F-FC8C-4065-9924-56DB4530533D}.Release|Any CPU.Build.0 = Release|Any CPU
	EndGlobalSection
	GlobalSection(SolutionProperties) = preSolution
		HideSolutionNode = FALSE
	EndGlobalSection
	GlobalSection(ExtensibilityGlobals) = postSolution
		SolutionGuid = {D7A18A19-6ABD-4FE8-8E2D-543624872880}
	EndGlobalSection
EndGlobal
